
Microsoft Visual Studio Solution File, Format Version 12.00
# Visual Studio 15
VisualStudioVersion = 15.0.28307.136
MinimumVisualStudioVersion = 10.0.40219.1
Project("{FAE04EC0-301F-11D3-BF4B-00C04F79EFBC}") = "1MVCintro", "MVCintro\1MVCintro.csproj", "{AE5885C4-B3FB-4DE2-ADF1-918F2F505527}"
EndProject
Project("{FAE04EC0-301F-11D3-BF4B-00C04F79EFBC}") = "2ModelDemo", "ModelDemo\2ModelDemo.csproj", "{D05FD3AA-6359-474B-9FD3-5223EB6AEC82}"
EndProject
Project("{FAE04EC0-301F-11D3-BF4B-00C04F79EFBC}") = "3ConrollerDemo", "3ConrollerDemo\3ConrollerDemo.csproj", "{1C90F915-D54D-4F23-8B3C-9CC4B60A9195}"
EndProject
Project("{FAE04EC0-301F-11D3-BF4B-00C04F79EFBC}") = "4FilterDemon", "4FilterDemon\4FilterDemon.csproj", "{4D3997BC-D9FB-4D47-BF62-B8AD115AE8DF}"
EndProject
Project("{FAE04EC0-301F-11D3-BF4B-00C04F79EFBC}") = "5Partial", "5Partial\5Partial.csproj", "{1603B822-C919-456A-945B-06E72A5D0380}"
EndProject
Project("{FAE04EC0-301F-11D3-BF4B-00C04F79EFBC}") = "6Route1", "6Route1\6Route1.csproj", "{C7306B28-9241-4AE8-A90D-5BF3CD830F6F}"
EndProject
Project("{FAE04EC0-301F-11D3-BF4B-00C04F79EFBC}") = "7Route2Attribute", "7Route2Attribute\7Route2Attribute.csproj", "{A7B5927D-4238-4F0B-945F-26EF7D9A1F5F}"
EndProject
Global
	GlobalSection(SolutionConfigurationPlatforms) = preSolution
		Debug|Any CPU = Debug|Any CPU
		Release|Any CPU = Release|Any CPU
	EndGlobalSection
	GlobalSection(ProjectConfigurationPlatforms) = postSolution
		{AE5885C4-B3FB-4DE2-ADF1-918F2F505527}.Debug|Any CPU.ActiveCfg = Debug|Any CPU
		{AE5885C4-B3FB-4DE2-ADF1-918F2F505527}.Debug|Any CPU.Build.0 = Debug|Any CPU
		{AE5885C4-B3FB-4DE2-ADF1-918F2F505527}.Release|Any CPU.ActiveCfg = Release|Any CPU
		{AE5885C4-B3FB-4DE2-ADF1-918F2F505527}.Release|Any CPU.Build.0 = Release|Any CPU
		{D05FD3AA-6359-474B-9FD3-5223EB6AEC82}.Debug|Any CPU.ActiveCfg = Debug|Any CPU
		{D05FD3AA-6359-474B-9FD3-5223EB6AEC82}.Debug|Any CPU.Build.0 = Debug|Any CPU
		{D05FD3AA-6359-474B-9FD3-5223EB6AEC82}.Release|Any CPU.ActiveCfg = Release|Any CPU
		{D05FD3AA-6359-474B-9FD3-5223EB6AEC82}.Release|Any CPU.Build.0 = Release|Any CPU
		{1C90F915-D54D-4F23-8B3C-9CC4B60A9195}.Debug|Any CPU.ActiveCfg = Debug|Any CPU
		{1C90F915-D54D-4F23-8B3C-9CC4B60A9195}.Debug|Any CPU.Build.0 = Debug|Any CPU
		{1C90F915-D54D-4F23-8B3C-9CC4B60A9195}.Release|Any CPU.ActiveCfg = Release|Any CPU
		{1C90F915-D54D-4F23-8B3C-9CC4B60A9195}.Release|Any CPU.Build.0 = Release|Any CPU
		{4D3997BC-D9FB-4D47-BF62-B8AD115AE8DF}.Debug|Any CPU.ActiveCfg = Debug|Any CPU
		{4D3997BC-D9FB-4D47-BF62-B8AD115AE8DF}.Debug|Any CPU.Build.0 = Debug|Any CPU
		{4D3997BC-D9FB-4D47-BF62-B8AD115AE8DF}.Release|Any CPU.ActiveCfg = Release|Any CPU
		{4D3997BC-D9FB-4D47-BF62-B8AD115AE8DF}.Release|Any CPU.Build.0 = Release|Any CPU
		{1603B822-C919-456A-945B-06E72A5D0380}.Debug|Any CPU.ActiveCfg = Debug|Any CPU
		{1603B822-C919-456A-945B-06E72A5D0380}.Debug|Any CPU.Build.0 = Debug|Any CPU
		{1603B822-C919-456A-945B-06E72A5D0380}.Release|Any CPU.ActiveCfg = Release|Any CPU
		{1603B822-C919-456A-945B-06E72A5D0380}.Release|Any CPU.Build.0 = Release|Any CPU
		{C7306B28-9241-4AE8-A90D-5BF3CD830F6F}.Debug|Any CPU.ActiveCfg = Debug|Any CPU
		{C7306B28-9241-4AE8-A90D-5BF3CD830F6F}.Debug|Any CPU.Build.0 = Debug|Any CPU
		{C7306B28-9241-4AE8-A90D-5BF3CD830F6F}.Release|Any CPU.ActiveCfg = Release|Any CPU
		{C7306B28-9241-4AE8-A90D-5BF3CD830F6F}.Release|Any CPU.Build.0 = Release|Any CPU
		{A7B5927D-4238-4F0B-945F-26EF7D9A1F5F}.Debug|Any CPU.ActiveCfg = Debug|Any CPU
		{A7B5927D-4238-4F0B-945F-26EF7D9A1F5F}.Debug|Any CPU.Build.0 = Debug|Any CPU
		{A7B5927D-4238-4F0B-945F-26EF7D9A1F5F}.Release|Any CPU.ActiveCfg = Release|Any CPU
		{A7B5927D-4238-4F0B-945F-26EF7D9A1F5F}.Release|Any CPU.Build.0 = Release|Any CPU
	EndGlobalSection
	GlobalSection(SolutionProperties) = preSolution
		HideSolutionNode = FALSE
	EndGlobalSection
	GlobalSection(ExtensibilityGlobals) = postSolution
		SolutionGuid = {DAA07C96-D33B-469C-8C05-8DFD8E68726F}
	EndGlobalSection
EndGlobal
